
Microsoft Visual Studio Solution File, Format Version 12.00
# Visual Studio 14
VisualStudioVersion = 14.0.24720.0
MinimumVisualStudioVersion = 10.0.40219.1
Project("{FAE04EC0-301F-11D3-BF4B-00C04F79EFBC}") = "TestApp", "TestApp\TestApp.csproj", "{D64C58E1-FDAB-4DEE-BC00-8EECCCB8AD41}"
EndProject
Project("{FAE04EC0-301F-11D3-BF4B-00C04F79EFBC}") = "Hypermedia", "Hypermedia\Hypermedia.csproj", "{A1F1F9F5-CAF8-48B1-9A4A-AE87AB0F092E}"
EndProject
Project("{FAE04EC0-301F-11D3-BF4B-00C04F79EFBC}") = "Hypermedia.JsonApi", "Hypermedia.JsonApi\Hypermedia.JsonApi.csproj", "{2CE482C3-8E6B-4DF2-AC46-6193DEAD7259}"
EndProject
Project("{FAE04EC0-301F-11D3-BF4B-00C04F79EFBC}") = "Hypermedia.JsonApi.Client", "Hypermedia.JsonApi.Client\Hypermedia.JsonApi.Client.csproj", "{2B0660CD-FF64-47BD-BB96-04F80F845963}"
EndProject
Project("{FAE04EC0-301F-11D3-BF4B-00C04F79EFBC}") = "Hypermedia.JsonApi.WebApi", "Hypermedia.JsonApi.WebApi\Hypermedia.JsonApi.WebApi.csproj", "{0B2CBD5A-413F-4BCB-824D-580CCD2BCC82}"
EndProject
Project("{FAE04EC0-301F-11D3-BF4B-00C04F79EFBC}") = "Hypermedia.WebApi", "Hypermedia.WebApi\Hypermedia.WebApi.csproj", "{F641C27C-4047-4C9E-B34A-99121A755A06}"
EndProject
Global
	GlobalSection(SolutionConfigurationPlatforms) = preSolution
		Debug|Any CPU = Debug|Any CPU
		Release|Any CPU = Release|Any CPU
	EndGlobalSection
	GlobalSection(ProjectConfigurationPlatforms) = postSolution
		{D64C58E1-FDAB-4DEE-BC00-8EECCCB8AD41}.Debug|Any CPU.ActiveCfg = Debug|Any CPU
		{D64C58E1-FDAB-4DEE-BC00-8EECCCB8AD41}.Debug|Any CPU.Build.0 = Debug|Any CPU
		{D64C58E1-FDAB-4DEE-BC00-8EECCCB8AD41}.Release|Any CPU.ActiveCfg = Release|Any CPU
		{D64C58E1-FDAB-4DEE-BC00-8EECCCB8AD41}.Release|Any CPU.Build.0 = Release|Any CPU
		{A1F1F9F5-CAF8-48B1-9A4A-AE87AB0F092E}.Debug|Any CPU.ActiveCfg = Debug|Any CPU
		{A1F1F9F5-CAF8-48B1-9A4A-AE87AB0F092E}.Debug|Any CPU.Build.0 = Debug|Any CPU
		{A1F1F9F5-CAF8-48B1-9A4A-AE87AB0F092E}.Release|Any CPU.ActiveCfg = Release|Any CPU
		{A1F1F9F5-CAF8-48B1-9A4A-AE87AB0F092E}.Release|Any CPU.Build.0 = Release|Any CPU
		{2CE482C3-8E6B-4DF2-AC46-6193DEAD7259}.Debug|Any CPU.ActiveCfg = Debug|Any CPU
		{2CE482C3-8E6B-4DF2-AC46-6193DEAD7259}.Debug|Any CPU.Build.0 = Debug|Any CPU
		{2CE482C3-8E6B-4DF2-AC46-6193DEAD7259}.Release|Any CPU.ActiveCfg = Release|Any CPU
		{2CE482C3-8E6B-4DF2-AC46-6193DEAD7259}.Release|Any CPU.Build.0 = Release|Any CPU
		{2B0660CD-FF64-47BD-BB96-04F80F845963}.Debug|Any CPU.ActiveCfg = Debug|Any CPU
		{2B0660CD-FF64-47BD-BB96-04F80F845963}.Debug|Any CPU.Build.0 = Debug|Any CPU
		{2B0660CD-FF64-47BD-BB96-04F80F845963}.Release|Any CPU.ActiveCfg = Release|Any CPU
		{2B0660CD-FF64-47BD-BB96-04F80F845963}.Release|Any CPU.Build.0 = Release|Any CPU
		{0B2CBD5A-413F-4BCB-824D-580CCD2BCC82}.Debug|Any CPU.ActiveCfg = Debug|Any CPU
		{0B2CBD5A-413F-4BCB-824D-580CCD2BCC82}.Debug|Any CPU.Build.0 = Debug|Any CPU
		{0B2CBD5A-413F-4BCB-824D-580CCD2BCC82}.Release|Any CPU.ActiveCfg = Release|Any CPU
		{0B2CBD5A-413F-4BCB-824D-580CCD2BCC82}.Release|Any CPU.Build.0 = Release|Any CPU
		{F641C27C-4047-4C9E-B34A-99121A755A06}.Debug|Any CPU.ActiveCfg = Debug|Any CPU
		{F641C27C-4047-4C9E-B34A-99121A755A06}.Debug|Any CPU.Build.0 = Debug|Any CPU
		{F641C27C-4047-4C9E-B34A-99121A755A06}.Release|Any CPU.ActiveCfg = Release|Any CPU
		{F641C27C-4047-4C9E-B34A-99121A755A06}.Release|Any CPU.Build.0 = Release|Any CPU
	EndGlobalSection
	GlobalSection(SolutionProperties) = preSolution
		HideSolutionNode = FALSE
	EndGlobalSection
EndGlobal
